
Microsoft Visual Studio Solution File, Format Version 12.00
# Visual Studio 14
VisualStudioVersion = 14.0.25420.1
MinimumVisualStudioVersion = 10.0.40219.1
Project("{8BC9CEB8-8B4A-11D0-8D11-00A0C91BC942}") = "CreateProcessDemo", "ProcessDemo\ProcessDemo.vcxproj", "{08ADC7A8-7BBF-4676-BC6D-19E37DBD8097}"
EndProject
Project("{8BC9CEB8-8B4A-11D0-8D11-00A0C91BC942}") = "NtProcessDemo", "NtProcessDemo\NtProcessDemo.vcxproj", "{D3CDFDBE-AC43-4B5D-A94E-49CA3C569D46}"
EndProject
Project("{8BC9CEB8-8B4A-11D0-8D11-00A0C91BC942}") = "SimpleBeginthreadexDemo", "SimpleDemo\SimpleDemo.vcxproj", "{4F9AAB42-DE1F-4F19-A1C3-F79E00F318C6}"
EndProject
Project("{8BC9CEB8-8B4A-11D0-8D11-00A0C91BC942}") = "InterlockedIncrementDemo", "MutiDemo\MutiDemo.vcxproj", "{4DBF52D9-460C-48B8-A31C-39A095996871}"
EndProject
Project("{8BC9CEB8-8B4A-11D0-8D11-00A0C91BC942}") = "Test1", "Test1\Test1.vcxproj", "{2B8F4B58-BDB9-4945-8C6B-AFF126CB51DB}"
EndProject
Project("{8BC9CEB8-8B4A-11D0-8D11-00A0C91BC942}") = "Test2", "Test2\Test2.vcxproj", "{8FB319BA-E685-40E9-B0D0-1F1BD10B1893}"
EndProject
Project("{8BC9CEB8-8B4A-11D0-8D11-00A0C91BC942}") = "Test3", "Test3\Test3.vcxproj", "{10179AD7-1762-4E21-881A-8C8D6C408F34}"
EndProject
Project("{8BC9CEB8-8B4A-11D0-8D11-00A0C91BC942}") = "SimpleCreateThreadDemo", "SimpleCreateThreadDemo\SimpleCreateThreadDemo.vcxproj", "{F482427A-B9D1-403B-8508-1BF5C9577451}"
EndProject
Project("{8BC9CEB8-8B4A-11D0-8D11-00A0C91BC942}") = "BeginthreadexDemo", "BeginthreadexDemo\BeginthreadexDemo.vcxproj", "{681ECF3D-21F3-4733-80CA-D4464A908AFD}"
EndProject
Project("{8BC9CEB8-8B4A-11D0-8D11-00A0C91BC942}") = "BeginThreadEXDemo1", "BeginThreadEXDemo1\BeginThreadEXDemo1.vcxproj", "{6F972718-D93C-424C-AD3D-B972DFB3FE7D}"
EndProject
Project("{8BC9CEB8-8B4A-11D0-8D11-00A0C91BC942}") = "BeginThreadEXDemo2", "BeginThreadEXDemo2\BeginThreadEXDemo2.vcxproj", "{F4AB0FCB-1B15-44FB-961D-79586BA65E98}"
EndProject
Project("{8BC9CEB8-8B4A-11D0-8D11-00A0C91BC942}") = "BeginThreadEXDemo3", "BeginThreadEXDemo3\BeginThreadEXDemo3.vcxproj", "{E34282E4-ABFE-4F5C-A606-B4E1F7042D19}"
EndProject
Project("{8BC9CEB8-8B4A-11D0-8D11-00A0C91BC942}") = "Test4", "Test4\Test4.vcxproj", "{D013E84F-9DAB-44BC-B377-DC3233A6D810}"
EndProject
Project("{8BC9CEB8-8B4A-11D0-8D11-00A0C91BC942}") = "EventAndCriticalSection", "Test5\Test5.vcxproj", "{6CECF757-BA07-4E4D-A350-31A142E9B689}"
EndProject
Project("{8BC9CEB8-8B4A-11D0-8D11-00A0C91BC942}") = "SemaphoreAndCriticalSection", "SemaphoreAndCriticalSection\SemaphoreAndCriticalSection.vcxproj", "{37930141-3011-4061-941D-03C057721F8D}"
EndProject
Project("{8BC9CEB8-8B4A-11D0-8D11-00A0C91BC942}") = "生产者与消费者", "生产者与消费者\生产者与消费者.vcxproj", "{83F1056C-28EF-490E-8985-05DB914FB0C5}"
EndProject
Project("{8BC9CEB8-8B4A-11D0-8D11-00A0C91BC942}") = "多生产者与消费者", "多生产者与消费者\多生产者与消费者.vcxproj", "{0A27C89D-C884-421A-8C1E-4B75830A668C}"
EndProject
Project("{8BC9CEB8-8B4A-11D0-8D11-00A0C91BC942}") = "读者写者", "读者写者\读者写者.vcxproj", "{53873872-2274-41C8-988F-F27F5E90F3A3}"
EndProject
Project("{8BC9CEB8-8B4A-11D0-8D11-00A0C91BC942}") = "读者写者读写锁", "读者写者读写锁\读者写者读写锁.vcxproj", "{C17280A7-398C-4BE2-AEC9-949FB51DC15A}"
EndProject
Project("{8BC9CEB8-8B4A-11D0-8D11-00A0C91BC942}") = "PrintThread", "PrintThread\PrintThread.vcxproj", "{CB7954FB-4C7E-49F1-BCD5-B83BBE5B140A}"
EndProject
Project("{8BC9CEB8-8B4A-11D0-8D11-00A0C91BC942}") = "Mutex", "Mutex\Mutex.vcxproj", "{CDC3C697-0872-4780-8F8D-10EAC79679EB}"
EndProject
Project("{8BC9CEB8-8B4A-11D0-8D11-00A0C91BC942}") = "结构体传入", "结构体传入\结构体传入.vcxproj", "{D038199C-25B0-4E83-B3D4-3F8605180CEB}"
EndProject
Global
	GlobalSection(SolutionConfigurationPlatforms) = preSolution
		Debug|x64 = Debug|x64
		Debug|x86 = Debug|x86
		Release|x64 = Release|x64
		Release|x86 = Release|x86
	EndGlobalSection
	GlobalSection(ProjectConfigurationPlatforms) = postSolution
		{08ADC7A8-7BBF-4676-BC6D-19E37DBD8097}.Debug|x64.ActiveCfg = Debug|x64
		{08ADC7A8-7BBF-4676-BC6D-19E37DBD8097}.Debug|x64.Build.0 = Debug|x64
		{08ADC7A8-7BBF-4676-BC6D-19E37DBD8097}.Debug|x86.ActiveCfg = Debug|Win32
		{08ADC7A8-7BBF-4676-BC6D-19E37DBD8097}.Debug|x86.Build.0 = Debug|Win32
		{08ADC7A8-7BBF-4676-BC6D-19E37DBD8097}.Release|x64.ActiveCfg = Release|x64
		{08ADC7A8-7BBF-4676-BC6D-19E37DBD8097}.Release|x64.Build.0 = Release|x64
		{08ADC7A8-7BBF-4676-BC6D-19E37DBD8097}.Release|x86.ActiveCfg = Release|Win32
		{08ADC7A8-7BBF-4676-BC6D-19E37DBD8097}.Release|x86.Build.0 = Release|Win32
		{D3CDFDBE-AC43-4B5D-A94E-49CA3C569D46}.Debug|x64.ActiveCfg = Debug|x64
		{D3CDFDBE-AC43-4B5D-A94E-49CA3C569D46}.Debug|x64.Build.0 = Debug|x64
		{D3CDFDBE-AC43-4B5D-A94E-49CA3C569D46}.Debug|x86.ActiveCfg = Debug|Win32
		{D3CDFDBE-AC43-4B5D-A94E-49CA3C569D46}.Debug|x86.Build.0 = Debug|Win32
		{D3CDFDBE-AC43-4B5D-A94E-49CA3C569D46}.Release|x64.ActiveCfg = Release|x64
		{D3CDFDBE-AC43-4B5D-A94E-49CA3C569D46}.Release|x64.Build.0 = Release|x64
		{D3CDFDBE-AC43-4B5D-A94E-49CA3C569D46}.Release|x86.ActiveCfg = Release|Win32
		{D3CDFDBE-AC43-4B5D-A94E-49CA3C569D46}.Release|x86.Build.0 = Release|Win32
		{4F9AAB42-DE1F-4F19-A1C3-F79E00F318C6}.Debug|x64.ActiveCfg = Debug|x64
		{4F9AAB42-DE1F-4F19-A1C3-F79E00F318C6}.Debug|x64.Build.0 = Debug|x64
		{4F9AAB42-DE1F-4F19-A1C3-F79E00F318C6}.Debug|x86.ActiveCfg = Debug|Win32
		{4F9AAB42-DE1F-4F19-A1C3-F79E00F318C6}.Debug|x86.Build.0 = Debug|Win32
		{4F9AAB42-DE1F-4F19-A1C3-F79E00F318C6}.Release|x64.ActiveCfg = Release|x64
		{4F9AAB42-DE1F-4F19-A1C3-F79E00F318C6}.Release|x64.Build.0 = Release|x64
		{4F9AAB42-DE1F-4F19-A1C3-F79E00F318C6}.Release|x86.ActiveCfg = Release|Win32
		{4F9AAB42-DE1F-4F19-A1C3-F79E00F318C6}.Release|x86.Build.0 = Release|Win32
		{4DBF52D9-460C-48B8-A31C-39A095996871}.Debug|x64.ActiveCfg = Debug|x64
		{4DBF52D9-460C-48B8-A31C-39A095996871}.Debug|x64.Build.0 = Debug|x64
		{4DBF52D9-460C-48B8-A31C-39A095996871}.Debug|x86.ActiveCfg = Debug|Win32
		{4DBF52D9-460C-48B8-A31C-39A095996871}.Debug|x86.Build.0 = Debug|Win32
		{4DBF52D9-460C-48B8-A31C-39A095996871}.Release|x64.ActiveCfg = Release|x64
		{4DBF52D9-460C-48B8-A31C-39A095996871}.Release|x64.Build.0 = Release|x64
		{4DBF52D9-460C-48B8-A31C-39A095996871}.Release|x86.ActiveCfg = Release|Win32
		{4DBF52D9-460C-48B8-A31C-39A095996871}.Release|x86.Build.0 = Release|Win32
		{2B8F4B58-BDB9-4945-8C6B-AFF126CB51DB}.Debug|x64.ActiveCfg = Debug|x64
		{2B8F4B58-BDB9-4945-8C6B-AFF126CB51DB}.Debug|x64.Build.0 = Debug|x64
		{2B8F4B58-BDB9-4945-8C6B-AFF126CB51DB}.Debug|x86.ActiveCfg = Debug|Win32
		{2B8F4B58-BDB9-4945-8C6B-AFF126CB51DB}.Debug|x86.Build.0 = Debug|Win32
		{2B8F4B58-BDB9-4945-8C6B-AFF126CB51DB}.Release|x64.ActiveCfg = Release|x64
		{2B8F4B58-BDB9-4945-8C6B-AFF126CB51DB}.Release|x64.Build.0 = Release|x64
		{2B8F4B58-BDB9-4945-8C6B-AFF126CB51DB}.Release|x86.ActiveCfg = Release|Win32
		{2B8F4B58-BDB9-4945-8C6B-AFF126CB51DB}.Release|x86.Build.0 = Release|Win32
		{8FB319BA-E685-40E9-B0D0-1F1BD10B1893}.Debug|x64.ActiveCfg = Debug|x64
		{8FB319BA-E685-40E9-B0D0-1F1BD10B1893}.Debug|x64.Build.0 = Debug|x64
		{8FB319BA-E685-40E9-B0D0-1F1BD10B1893}.Debug|x86.ActiveCfg = Debug|Win32
		{8FB319BA-E685-40E9-B0D0-1F1BD10B1893}.Debug|x86.Build.0 = Debug|Win32
		{8FB319BA-E685-40E9-B0D0-1F1BD10B1893}.Release|x64.ActiveCfg = Release|x64
		{8FB319BA-E685-40E9-B0D0-1F1BD10B1893}.Release|x64.Build.0 = Release|x64
		{8FB319BA-E685-40E9-B0D0-1F1BD10B1893}.Release|x86.ActiveCfg = Release|Win32
		{8FB319BA-E685-40E9-B0D0-1F1BD10B1893}.Release|x86.Build.0 = Release|Win32
		{10179AD7-1762-4E21-881A-8C8D6C408F34}.Debug|x64.ActiveCfg = Debug|x64
		{10179AD7-1762-4E21-881A-8C8D6C408F34}.Debug|x64.Build.0 = Debug|x64
		{10179AD7-1762-4E21-881A-8C8D6C408F34}.Debug|x86.ActiveCfg = Debug|Win32
		{10179AD7-1762-4E21-881A-8C8D6C408F34}.Debug|x86.Build.0 = Debug|Win32
		{10179AD7-1762-4E21-881A-8C8D6C408F34}.Release|x64.ActiveCfg = Release|x64
		{10179AD7-1762-4E21-881A-8C8D6C408F34}.Release|x64.Build.0 = Release|x64
		{10179AD7-1762-4E21-881A-8C8D6C408F34}.Release|x86.ActiveCfg = Release|Win32
		{10179AD7-1762-4E21-881A-8C8D6C408F34}.Release|x86.Build.0 = Release|Win32
		{F482427A-B9D1-403B-8508-1BF5C9577451}.Debug|x64.ActiveCfg = Debug|x64
		{F482427A-B9D1-403B-8508-1BF5C9577451}.Debug|x64.Build.0 = Debug|x64
		{F482427A-B9D1-403B-8508-1BF5C9577451}.Debug|x86.ActiveCfg = Debug|Win32
		{F482427A-B9D1-403B-8508-1BF5C9577451}.Debug|x86.Build.0 = Debug|Win32
		{F482427A-B9D1-403B-8508-1BF5C9577451}.Release|x64.ActiveCfg = Release|x64
		{F482427A-B9D1-403B-8508-1BF5C9577451}.Release|x64.Build.0 = Release|x64
		{F482427A-B9D1-403B-8508-1BF5C9577451}.Release|x86.ActiveCfg = Release|Win32
		{F482427A-B9D1-403B-8508-1BF5C9577451}.Release|x86.Build.0 = Release|Win32
		{681ECF3D-21F3-4733-80CA-D4464A908AFD}.Debug|x64.ActiveCfg = Debug|x64
		{681ECF3D-21F3-4733-80CA-D4464A908AFD}.Debug|x64.Build.0 = Debug|x64
		{681ECF3D-21F3-4733-80CA-D4464A908AFD}.Debug|x86.ActiveCfg = Debug|Win32
		{681ECF3D-21F3-4733-80CA-D4464A908AFD}.Debug|x86.Build.0 = Debug|Win32
		{681ECF3D-21F3-4733-80CA-D4464A908AFD}.Release|x64.ActiveCfg = Release|x64
		{681ECF3D-21F3-4733-80CA-D4464A908AFD}.Release|x64.Build.0 = Release|x64
		{681ECF3D-21F3-4733-80CA-D4464A908AFD}.Release|x86.ActiveCfg = Release|Win32
		{681ECF3D-21F3-4733-80CA-D4464A908AFD}.Release|x86.Build.0 = Release|Win32
		{6F972718-D93C-424C-AD3D-B972DFB3FE7D}.Debug|x64.ActiveCfg = Debug|x64
		{6F972718-D93C-424C-AD3D-B972DFB3FE7D}.Debug|x64.Build.0 = Debug|x64
		{6F972718-D93C-424C-AD3D-B972DFB3FE7D}.Debug|x86.ActiveCfg = Debug|Win32
		{6F972718-D93C-424C-AD3D-B972DFB3FE7D}.Debug|x86.Build.0 = Debug|Win32
		{6F972718-D93C-424C-AD3D-B972DFB3FE7D}.Release|x64.ActiveCfg = Release|x64
		{6F972718-D93C-424C-AD3D-B972DFB3FE7D}.Release|x64.Build.0 = Release|x64
		{6F972718-D93C-424C-AD3D-B972DFB3FE7D}.Release|x86.ActiveCfg = Release|Win32
		{6F972718-D93C-424C-AD3D-B972DFB3FE7D}.Release|x86.Build.0 = Release|Win32
		{F4AB0FCB-1B15-44FB-961D-79586BA65E98}.Debug|x64.ActiveCfg = Debug|x64
		{F4AB0FCB-1B15-44FB-961D-79586BA65E98}.Debug|x64.Build.0 = Debug|x64
		{F4AB0FCB-1B15-44FB-961D-79586BA65E98}.Debug|x86.ActiveCfg = Debug|Win32
		{F4AB0FCB-1B15-44FB-961D-79586BA65E98}.Debug|x86.Build.0 = Debug|Win32
		{F4AB0FCB-1B15-44FB-961D-79586BA65E98}.Release|x64.ActiveCfg = Release|x64
		{F4AB0FCB-1B15-44FB-961D-79586BA65E98}.Release|x64.Build.0 = Release|x64
		{F4AB0FCB-1B15-44FB-961D-79586BA65E98}.Release|x86.ActiveCfg = Release|Win32
		{F4AB0FCB-1B15-44FB-961D-79586BA65E98}.Release|x86.Build.0 = Release|Win32
		{E34282E4-ABFE-4F5C-A606-B4E1F7042D19}.Debug|x64.ActiveCfg = Debug|x64
		{E34282E4-ABFE-4F5C-A606-B4E1F7042D19}.Debug|x64.Build.0 = Debug|x64
		{E34282E4-ABFE-4F5C-A606-B4E1F7042D19}.Debug|x86.ActiveCfg = Debug|Win32
		{E34282E4-ABFE-4F5C-A606-B4E1F7042D19}.Debug|x86.Build.0 = Debug|Win32
		{E34282E4-ABFE-4F5C-A606-B4E1F7042D19}.Release|x64.ActiveCfg = Release|x64
		{E34282E4-ABFE-4F5C-A606-B4E1F7042D19}.Release|x64.Build.0 = Release|x64
		{E34282E4-ABFE-4F5C-A606-B4E1F7042D19}.Release|x86.ActiveCfg = Release|Win32
		{E34282E4-ABFE-4F5C-A606-B4E1F7042D19}.Release|x86.Build.0 = Release|Win32
		{D013E84F-9DAB-44BC-B377-DC3233A6D810}.Debug|x64.ActiveCfg = Debug|x64
		{D013E84F-9DAB-44BC-B377-DC3233A6D810}.Debug|x64.Build.0 = Debug|x64
		{D013E84F-9DAB-44BC-B377-DC3233A6D810}.Debug|x86.ActiveCfg = Debug|Win32
		{D013E84F-9DAB-44BC-B377-DC3233A6D810}.Debug|x86.Build.0 = Debug|Win32
		{D013E84F-9DAB-44BC-B377-DC3233A6D810}.Release|x64.ActiveCfg = Release|x64
		{D013E84F-9DAB-44BC-B377-DC3233A6D810}.Release|x64.Build.0 = Release|x64
		{D013E84F-9DAB-44BC-B377-DC3233A6D810}.Release|x86.ActiveCfg = Release|Win32
		{D013E84F-9DAB-44BC-B377-DC3233A6D810}.Release|x86.Build.0 = Release|Win32
		{6CECF757-BA07-4E4D-A350-31A142E9B689}.Debug|x64.ActiveCfg = Debug|x64
		{6CECF757-BA07-4E4D-A350-31A142E9B689}.Debug|x64.Build.0 = Debug|x64
		{6CECF757-BA07-4E4D-A350-31A142E9B689}.Debug|x86.ActiveCfg = Debug|Win32
		{6CECF757-BA07-4E4D-A350-31A142E9B689}.Debug|x86.Build.0 = Debug|Win32
		{6CECF757-BA07-4E4D-A350-31A142E9B689}.Release|x64.ActiveCfg = Release|x64
		{6CECF757-BA07-4E4D-A350-31A142E9B689}.Release|x64.Build.0 = Release|x64
		{6CECF757-BA07-4E4D-A350-31A142E9B689}.Release|x86.ActiveCfg = Release|Win32
		{6CECF757-BA07-4E4D-A350-31A142E9B689}.Release|x86.Build.0 = Release|Win32
		{37930141-3011-4061-941D-03C057721F8D}.Debug|x64.ActiveCfg = Debug|x64
		{37930141-3011-4061-941D-03C057721F8D}.Debug|x64.Build.0 = Debug|x64
		{37930141-3011-4061-941D-03C057721F8D}.Debug|x86.ActiveCfg = Debug|Win32
		{37930141-3011-4061-941D-03C057721F8D}.Debug|x86.Build.0 = Debug|Win32
		{37930141-3011-4061-941D-03C057721F8D}.Release|x64.ActiveCfg = Release|x64
		{37930141-3011-4061-941D-03C057721F8D}.Release|x64.Build.0 = Release|x64
		{37930141-3011-4061-941D-03C057721F8D}.Release|x86.ActiveCfg = Release|Win32
		{37930141-3011-4061-941D-03C057721F8D}.Release|x86.Build.0 = Release|Win32
		{83F1056C-28EF-490E-8985-05DB914FB0C5}.Debug|x64.ActiveCfg = Debug|x64
		{83F1056C-28EF-490E-8985-05DB914FB0C5}.Debug|x64.Build.0 = Debug|x64
		{83F1056C-28EF-490E-8985-05DB914FB0C5}.Debug|x86.ActiveCfg = Debug|Win32
		{83F1056C-28EF-490E-8985-05DB914FB0C5}.Debug|x86.Build.0 = Debug|Win32
		{83F1056C-28EF-490E-8985-05DB914FB0C5}.Release|x64.ActiveCfg = Release|x64
		{83F1056C-28EF-490E-8985-05DB914FB0C5}.Release|x64.Build.0 = Release|x64
		{83F1056C-28EF-490E-8985-05DB914FB0C5}.Release|x86.ActiveCfg = Release|Win32
		{83F1056C-28EF-490E-8985-05DB914FB0C5}.Release|x86.Build.0 = Release|Win32
		{0A27C89D-C884-421A-8C1E-4B75830A668C}.Debug|x64.ActiveCfg = Debug|x64
		{0A27C89D-C884-421A-8C1E-4B75830A668C}.Debug|x64.Build.0 = Debug|x64
		{0A27C89D-C884-421A-8C1E-4B75830A668C}.Debug|x86.ActiveCfg = Debug|Win32
		{0A27C89D-C884-421A-8C1E-4B75830A668C}.Debug|x86.Build.0 = Debug|Win32
		{0A27C89D-C884-421A-8C1E-4B75830A668C}.Release|x64.ActiveCfg = Release|x64
		{0A27C89D-C884-421A-8C1E-4B75830A668C}.Release|x64.Build.0 = Release|x64
		{0A27C89D-C884-421A-8C1E-4B75830A668C}.Release|x86.ActiveCfg = Release|Win32
		{0A27C89D-C884-421A-8C1E-4B75830A668C}.Release|x86.Build.0 = Release|Win32
		{53873872-2274-41C8-988F-F27F5E90F3A3}.Debug|x64.ActiveCfg = Debug|x64
		{53873872-2274-41C8-988F-F27F5E90F3A3}.Debug|x64.Build.0 = Debug|x64
		{53873872-2274-41C8-988F-F27F5E90F3A3}.Debug|x86.ActiveCfg = Debug|Win32
		{53873872-2274-41C8-988F-F27F5E90F3A3}.Debug|x86.Build.0 = Debug|Win32
		{53873872-2274-41C8-988F-F27F5E90F3A3}.Release|x64.ActiveCfg = Release|x64
		{53873872-2274-41C8-988F-F27F5E90F3A3}.Release|x64.Build.0 = Release|x64
		{53873872-2274-41C8-988F-F27F5E90F3A3}.Release|x86.ActiveCfg = Release|Win32
		{53873872-2274-41C8-988F-F27F5E90F3A3}.Release|x86.Build.0 = Release|Win32
		{C17280A7-398C-4BE2-AEC9-949FB51DC15A}.Debug|x64.ActiveCfg = Debug|x64
		{C17280A7-398C-4BE2-AEC9-949FB51DC15A}.Debug|x64.Build.0 = Debug|x64
		{C17280A7-398C-4BE2-AEC9-949FB51DC15A}.Debug|x86.ActiveCfg = Debug|Win32
		{C17280A7-398C-4BE2-AEC9-949FB51DC15A}.Debug|x86.Build.0 = Debug|Win32
		{C17280A7-398C-4BE2-AEC9-949FB51DC15A}.Release|x64.ActiveCfg = Release|x64
		{C17280A7-398C-4BE2-AEC9-949FB51DC15A}.Release|x64.Build.0 = Release|x64
		{C17280A7-398C-4BE2-AEC9-949FB51DC15A}.Release|x86.ActiveCfg = Release|Win32
		{C17280A7-398C-4BE2-AEC9-949FB51DC15A}.Release|x86.Build.0 = Release|Win32
		{CB7954FB-4C7E-49F1-BCD5-B83BBE5B140A}.Debug|x64.ActiveCfg = Debug|x64
		{CB7954FB-4C7E-49F1-BCD5-B83BBE5B140A}.Debug|x64.Build.0 = Debug|x64
		{CB7954FB-4C7E-49F1-BCD5-B83BBE5B140A}.Debug|x86.ActiveCfg = Debug|Win32
		{CB7954FB-4C7E-49F1-BCD5-B83BBE5B140A}.Debug|x86.Build.0 = Debug|Win32
		{CB7954FB-4C7E-49F1-BCD5-B83BBE5B140A}.Release|x64.ActiveCfg = Release|x64
		{CB7954FB-4C7E-49F1-BCD5-B83BBE5B140A}.Release|x64.Build.0 = Release|x64
		{CB7954FB-4C7E-49F1-BCD5-B83BBE5B140A}.Release|x86.ActiveCfg = Release|Win32
		{CB7954FB-4C7E-49F1-BCD5-B83BBE5B140A}.Release|x86.Build.0 = Release|Win32
		{CDC3C697-0872-4780-8F8D-10EAC79679EB}.Debug|x64.ActiveCfg = Debug|x64
		{CDC3C697-0872-4780-8F8D-10EAC79679EB}.Debug|x64.Build.0 = Debug|x64
		{CDC3C697-0872-4780-8F8D-10EAC79679EB}.Debug|x86.ActiveCfg = Debug|Win32
		{CDC3C697-0872-4780-8F8D-10EAC79679EB}.Debug|x86.Build.0 = Debug|Win32
		{CDC3C697-0872-4780-8F8D-10EAC79679EB}.Release|x64.ActiveCfg = Release|x64
		{CDC3C697-0872-4780-8F8D-10EAC79679EB}.Release|x64.Build.0 = Release|x64
		{CDC3C697-0872-4780-8F8D-10EAC79679EB}.Release|x86.ActiveCfg = Release|Win32
		{CDC3C697-0872-4780-8F8D-10EAC79679EB}.Release|x86.Build.0 = Release|Win32
		{D038199C-25B0-4E83-B3D4-3F8605180CEB}.Debug|x64.ActiveCfg = Debug|x64
		{D038199C-25B0-4E83-B3D4-3F8605180CEB}.Debug|x64.Build.0 = Debug|x64
		{D038199C-25B0-4E83-B3D4-3F8605180CEB}.Debug|x86.ActiveCfg = Debug|Win32
		{D038199C-25B0-4E83-B3D4-3F8605180CEB}.Debug|x86.Build.0 = Debug|Win32
		{D038199C-25B0-4E83-B3D4-3F8605180CEB}.Release|x64.ActiveCfg = Release|x64
		{D038199C-25B0-4E83-B3D4-3F8605180CEB}.Release|x64.Build.0 = Release|x64
		{D038199C-25B0-4E83-B3D4-3F8605180CEB}.Release|x86.ActiveCfg = Release|Win32
		{D038199C-25B0-4E83-B3D4-3F8605180CEB}.Release|x86.Build.0 = Release|Win32
	EndGlobalSection
	GlobalSection(SolutionProperties) = preSolution
		HideSolutionNode = FALSE
	EndGlobalSection
EndGlobal
